
Microsoft Visual Studio Solution File, Format Version 12.00
# Visual Studio Version 17
VisualStudioVersion = 17.4.33403.182
MinimumVisualStudioVersion = 10.0.40219.1
Project("{FAE04EC0-301F-11D3-BF4B-00C04F79EFBC}") = "ModelMeThisFootball", "ModelMeThisFootball\ModelMeThisFootball.csproj", "{EC4C9094-BF16-4F32-A2CF-1162B078D69C}"
EndProject
Global
	GlobalSection(SolutionConfigurationPlatforms) = preSolution
		Debug|Any CPU = Debug|Any CPU
		Release|Any CPU = Release|Any CPU
	EndGlobalSection
	GlobalSection(ProjectConfigurationPlatforms) = postSolution
		{EC4C9094-BF16-4F32-A2CF-1162B078D69C}.Debug|Any CPU.ActiveCfg = Debug|Any CPU
		{EC4C9094-BF16-4F32-A2CF-1162B078D69C}.Debug|Any CPU.Build.0 = Debug|Any CPU
		{EC4C9094-BF16-4F32-A2CF-1162B078D69C}.Release|Any CPU.ActiveCfg = Release|Any CPU
		{EC4C9094-BF16-4F32-A2CF-1162B078D69C}.Release|Any CPU.Build.0 = Release|Any CPU
	EndGlobalSection
	GlobalSection(SolutionProperties) = preSolution
		HideSolutionNode = FALSE
	EndGlobalSection
	GlobalSection(ExtensibilityGlobals) = postSolution
		SolutionGuid = {115E31C1-B7DD-4177-BF7F-89A8FB898130}
	EndGlobalSection
EndGlobal
